
Microsoft Visual Studio Solution File, Format Version 12.00
# Visual Studio Version 16
VisualStudioVersion = 16.0.34301.259
MinimumVisualStudioVersion = 10.0.40219.1
Project("{9A19103F-16F7-4668-BE54-9A1E7A4F7556}") = "WG_CS2_RealisticPopulation", "WG_CS2_RealisticPopulation.csproj", "{759745F8-D1A0-4F44-A89F-2FE5BDF3BE24}"
EndProject
Global
	GlobalSection(SolutionConfigurationPlatforms) = preSolution
		Debug|Any CPU = Debug|Any CPU
		Release|Any CPU = Release|Any CPU
	EndGlobalSection
	GlobalSection(ProjectConfigurationPlatforms) = postSolution
		{759745F8-D1A0-4F44-A89F-2FE5BDF3BE24}.Debug|Any CPU.ActiveCfg = Debug|Any CPU
		{759745F8-D1A0-4F44-A89F-2FE5BDF3BE24}.Debug|Any CPU.Build.0 = Debug|Any CPU
		{759745F8-D1A0-4F44-A89F-2FE5BDF3BE24}.Release|Any CPU.ActiveCfg = Release|Any CPU
		{759745F8-D1A0-4F44-A89F-2FE5BDF3BE24}.Release|Any CPU.Build.0 = Release|Any CPU
	EndGlobalSection
	GlobalSection(SolutionProperties) = preSolution
		HideSolutionNode = FALSE
	EndGlobalSection
	GlobalSection(ExtensibilityGlobals) = postSolution
		SolutionGuid = {245CDE07-AA6E-4848-AB66-9F746BCA653C}
	EndGlobalSection
EndGlobal
